
Microsoft Visual Studio Solution File, Format Version 12.00
# Visual Studio Version 17
VisualStudioVersion = 17.14.37502.11 d17.14
MinimumVisualStudioVersion = 10.0.40219.1
Project("{FAE04EC0-301F-11D3-BF4B-00C04F79EFBC}") = "Reminder", "Reminder\Reminder.csproj", "{A54C8630-6B06-4850-8052-9456CB7B1992}"
EndProject
Global
	GlobalSection(SolutionConfigurationPlatforms) = preSolution
		Debug|Any CPU = Debug|Any CPU
		Release|Any CPU = Release|Any CPU
	EndGlobalSection
	GlobalSection(ProjectConfigurationPlatforms) = postSolution
		{A54C8630-6B06-4850-8052-9456CB7B1992}.Debug|Any CPU.ActiveCfg = Debug|Any CPU
		{A54C8630-6B06-4850-8052-9456CB7B1992}.Debug|Any CPU.Build.0 = Debug|Any CPU
		{A54C8630-6B06-4850-8052-9456CB7B1992}.Release|Any CPU.ActiveCfg = Release|Any CPU
		{A54C8630-6B06-4850-8052-9456CB7B1992}.Release|Any CPU.Build.0 = Release|Any CPU
	EndGlobalSection
	GlobalSection(SolutionProperties) = preSolution
		HideSolutionNode = FALSE
	EndGlobalSection
	GlobalSection(ExtensibilityGlobals) = postSolution
		SolutionGuid = {28D16613-5CB9-4631-A431-8AA830187E64}
	EndGlobalSection
EndGlobal
